
Microsoft Visual Studio Solution File, Format Version 12.00
# Visual Studio Version 17
VisualStudioVersion = 17.11.35222.181
MinimumVisualStudioVersion = 10.0.40219.1
Project("{FAE04EC0-301F-11D3-BF4B-00C04F79EFBC}") = "Practos3.2", "Practos3.2\Practos3.2.csproj", "{751E0769-8458-4352-93A1-988768A10EB1}"
EndProject
Global
	GlobalSection(SolutionConfigurationPlatforms) = preSolution
		Debug|Any CPU = Debug|Any CPU
		Release|Any CPU = Release|Any CPU
	EndGlobalSection
	GlobalSection(ProjectConfigurationPlatforms) = postSolution
		{751E0769-8458-4352-93A1-988768A10EB1}.Debug|Any CPU.ActiveCfg = Debug|Any CPU
		{751E0769-8458-4352-93A1-988768A10EB1}.Debug|Any CPU.Build.0 = Debug|Any CPU
		{751E0769-8458-4352-93A1-988768A10EB1}.Release|Any CPU.ActiveCfg = Release|Any CPU
		{751E0769-8458-4352-93A1-988768A10EB1}.Release|Any CPU.Build.0 = Release|Any CPU
	EndGlobalSection
	GlobalSection(SolutionProperties) = preSolution
		HideSolutionNode = FALSE
	EndGlobalSection
	GlobalSection(ExtensibilityGlobals) = postSolution
		SolutionGuid = {4F63013C-E94C-4ADC-B60D-AD7EC9BB7312}
	EndGlobalSection
EndGlobal
